
Microsoft Visual Studio Solution File, Format Version 12.00
# Visual Studio Version 16
VisualStudioVersion = 16.0.29020.237
MinimumVisualStudioVersion = 10.0.40219.1
Project("{FAE04EC0-301F-11D3-BF4B-00C04F79EFBC}") = "Keberos", "Keberos.csproj", "{AB129BC0-19E7-47B3-AAEB-859442264702}"
EndProject
Global
	GlobalSection(SolutionConfigurationPlatforms) = preSolution
		Debug|Any CPU = Debug|Any CPU
		Release|Any CPU = Release|Any CPU
	EndGlobalSection
	GlobalSection(ProjectConfigurationPlatforms) = postSolution
		{AB129BC0-19E7-47B3-AAEB-859442264702}.Debug|Any CPU.ActiveCfg = Debug|Any CPU
		{AB129BC0-19E7-47B3-AAEB-859442264702}.Debug|Any CPU.Build.0 = Debug|Any CPU
		{AB129BC0-19E7-47B3-AAEB-859442264702}.Release|Any CPU.ActiveCfg = Release|Any CPU
		{AB129BC0-19E7-47B3-AAEB-859442264702}.Release|Any CPU.Build.0 = Release|Any CPU
	EndGlobalSection
	GlobalSection(SolutionProperties) = preSolution
		HideSolutionNode = FALSE
	EndGlobalSection
	GlobalSection(ExtensibilityGlobals) = postSolution
		SolutionGuid = {F8B94627-C0A4-4F79-817F-218DAFDA06E3}
	EndGlobalSection
EndGlobal
